// !$*UTF8*$!
{
	archiveVersion = 1;
	classes = {
	};
	objectVersion = 56;
	objects = {

/* Begin PBXBuildFile section */
		6286D31729BBA24900977239 /* StockTradingAppApp.swift in Sources */ = {isa = PBXBuildFile; fileRef = 6286D31629BBA24900977239 /* StockTradingAppApp.swift */; };
		6286D31929BBA24900977239 /* StockListView.swift in Sources */ = {isa = PBXBuildFile; fileRef = 6286D31829BBA24900977239 /* StockListView.swift */; };
		6286D31B29BBA24B00977239 /* Assets.xcassets in Resources */ = {isa = PBXBuildFile; fileRef = 6286D31A29BBA24B00977239 /* Assets.xcassets */; };
		6286D31E29BBA24B00977239 /* Preview Assets.xcassets in Resources */ = {isa = PBXBuildFile; fileRef = 6286D31D29BBA24B00977239 /* Preview Assets.xcassets */; };
		6286D32629BBA29D00977239 /* Intro.swift in Sources */ = {isa = PBXBuildFile; fileRef = 6286D32529BBA29D00977239 /* Intro.swift */; };
		6286D32829BBA3CC00977239 /* StockRow.swift in Sources */ = {isa = PBXBuildFile; fileRef = 6286D32729BBA3CC00977239 /* StockRow.swift */; };
		6286D32B29BBA63200977239 /* Stock.swift in Sources */ = {isa = PBXBuildFile; fileRef = 6286D32A29BBA63200977239 /* Stock.swift */; };
		6286D32E29BBA73F00977239 /* StockListFetcher.swift in Sources */ = {isa = PBXBuildFile; fileRef = 6286D32D29BBA73F00977239 /* StockListFetcher.swift */; };
		6286D33129BBA7FA00977239 /* Error+Extension.swift in Sources */ = {isa = PBXBuildFile; fileRef = 6286D33029BBA7FA00977239 /* Error+Extension.swift */; };
		6286D33329BBA83000977239 /* LiveStockPriceFetcher.swift in Sources */ = {isa = PBXBuildFile; fileRef = 6286D33229BBA83000977239 /* LiveStockPriceFetcher.swift */; };
		6286D33529BBA91300977239 /* LiveStockPriceView.swift in Sources */ = {isa = PBXBuildFile; fileRef = 6286D33429BBA91300977239 /* LiveStockPriceView.swift */; };
/* End PBXBuildFile section */

/* Begin PBXFileReference section */
		6286D31329BBA24900977239 /* StockTradingApp.app */ = {isa = PBXFileReference; explicitFileType = wrapper.application; includeInIndex = 0; path = StockTradingApp.app; sourceTree = BUILT_PRODUCTS_DIR; };
		6286D31629BBA24900977239 /* StockTradingAppApp.swift */ = {isa = PBXFileReference; lastKnownFileType = sourcecode.swift; path = StockTradingAppApp.swift; sourceTree = "<group>"; };
		6286D31829BBA24900977239 /* StockListView.swift */ = {isa = PBXFileReference; lastKnownFileType = sourcecode.swift; path = StockListView.swift; sourceTree = "<group>"; };
		6286D31A29BBA24B00977239 /* Assets.xcassets */ = {isa = PBXFileReference; lastKnownFileType = folder.assetcatalog; path = Assets.xcassets; sourceTree = "<group>"; };
		6286D31D29BBA24B00977239 /* Preview Assets.xcassets */ = {isa = PBXFileReference; lastKnownFileType = folder.assetcatalog; path = "Preview Assets.xcassets"; sourceTree = "<group>"; };
		6286D32529BBA29D00977239 /* Intro.swift */ = {isa = PBXFileReference; lastKnownFileType = sourcecode.swift; path = Intro.swift; sourceTree = "<group>"; };
		6286D32729BBA3CC00977239 /* StockRow.swift */ = {isa = PBXFileReference; lastKnownFileType = sourcecode.swift; path = StockRow.swift; sourceTree = "<group>"; };
		6286D32A29BBA63200977239 /* Stock.swift */ = {isa = PBXFileReference; lastKnownFileType = sourcecode.swift; path = Stock.swift; sourceTree = "<group>"; };
		6286D32D29BBA73F00977239 /* StockListFetcher.swift */ = {isa = PBXFileReference; lastKnownFileType = sourcecode.swift; path = StockListFetcher.swift; sourceTree = "<group>"; };
		6286D33029BBA7FA00977239 /* Error+Extension.swift */ = {isa = PBXFileReference; lastKnownFileType = sourcecode.swift; path = "Error+Extension.swift"; sourceTree = "<group>"; };
		6286D33229BBA83000977239 /* LiveStockPriceFetcher.swift */ = {isa = PBXFileReference; lastKnownFileType = sourcecode.swift; path = LiveStockPriceFetcher.swift; sourceTree = "<group>"; };
		6286D33429BBA91300977239 /* LiveStockPriceView.swift */ = {isa = PBXFileReference; lastKnownFileType = sourcecode.swift; path = LiveStockPriceView.swift; sourceTree = "<group>"; };
/* End PBXFileReference section */

/* Begin PBXFrameworksBuildPhase section */
		6286D31029BBA24900977239 /* Frameworks */ = {
			isa = PBXFrameworksBuildPhase;
			buildActionMask = 2147483647;
			files = (
			);
			runOnlyForDeploymentPostprocessing = 0;
		};
/* End PBXFrameworksBuildPhase section */

/* Begin PBXGroup section */
		6286D30A29BBA24900977239 = {
			isa = PBXGroup;
			children = (
				6286D31529BBA24900977239 /* StockTradingApp */,
				6286D31429BBA24900977239 /* Products */,
			);
			sourceTree = "<group>";
		};
		6286D31429BBA24900977239 /* Products */ = {
			isa = PBXGroup;
			children = (
				6286D31329BBA24900977239 /* StockTradingApp.app */,
			);
			name = Products;
			sourceTree = "<group>";
		};
		6286D31529BBA24900977239 /* StockTradingApp */ = {
			isa = PBXGroup;
			children = (
				6286D31629BBA24900977239 /* StockTradingAppApp.swift */,
				6286D31A29BBA24B00977239 /* Assets.xcassets */,
				6286D32F29BBA7C200977239 /* Extension */,
				6286D32929BBA61800977239 /* Model */,
				6286D31C29BBA24B00977239 /* Preview Content */,
				6286D32C29BBA71500977239 /* Request */,
				6286D32429BBA27B00977239 /* Views */,
			);
			path = StockTradingApp;
			sourceTree = "<group>";
		};
		6286D31C29BBA24B00977239 /* Preview Content */ = {
			isa = PBXGroup;
			children = (
				6286D31D29BBA24B00977239 /* Preview Assets.xcassets */,
			);
			path = "Preview Content";
			sourceTree = "<group>";
		};
		6286D32429BBA27B00977239 /* Views */ = {
			isa = PBXGroup;
			children = (
				6286D32529BBA29D00977239 /* Intro.swift */,
				6286D32729BBA3CC00977239 /* StockRow.swift */,
				6286D33429BBA91300977239 /* LiveStockPriceView.swift */,
				6286D31829BBA24900977239 /* StockListView.swift */,
			);
			path = Views;
			sourceTree = "<group>";
		};
		6286D32929BBA61800977239 /* Model */ = {
			isa = PBXGroup;
			children = (
				6286D32A29BBA63200977239 /* Stock.swift */,
			);
			path = Model;
			sourceTree = "<group>";
		};
		6286D32C29BBA71500977239 /* Request */ = {
			isa = PBXGroup;
			children = (
				6286D32D29BBA73F00977239 /* StockListFetcher.swift */,
				6286D33229BBA83000977239 /* LiveStockPriceFetcher.swift */,
			);
			path = Request;
			sourceTree = "<group>";
		};
		6286D32F29BBA7C200977239 /* Extension */ = {
			isa = PBXGroup;
			children = (
				6286D33029BBA7FA00977239 /* Error+Extension.swift */,
			);
			path = Extension;
			sourceTree = "<group>";
		};
/* End PBXGroup section */

/* Begin PBXNativeTarget section */
		6286D31229BBA24900977239 /* StockTradingApp */ = {
			isa = PBXNativeTarget;
			buildConfigurationList = 6286D32129BBA24B00977239 /* Build configuration list for PBXNativeTarget "StockTradingApp" */;
			buildPhases = (
				6286D30F29BBA24900977239 /* Sources */,
				6286D31029BBA24900977239 /* Frameworks */,
				6286D31129BBA24900977239 /* Resources */,
			);
			buildRules = (
			);
			dependencies = (
			);
			name = StockTradingApp;
			productName = StockTradingApp;
			productReference = 6286D31329BBA24900977239 /* StockTradingApp.app */;
			productType = "com.apple.product-type.application";
		};
/* End PBXNativeTarget section */

/* Begin PBXProject section */
		6286D30B29BBA24900977239 /* Project object */ = {
			isa = PBXProject;
			attributes = {
				BuildIndependentTargetsInParallel = 1;
				LastSwiftUpdateCheck = 1420;
				LastUpgradeCheck = 1420;
				TargetAttributes = {
					6286D31229BBA24900977239 = {
						CreatedOnToolsVersion = 14.2;
					};
				};
			};
			buildConfigurationList = 6286D30E29BBA24900977239 /* Build configuration list for PBXProject "StockTradingApp" */;
			compatibilityVersion = "Xcode 14.0";
			developmentRegion = en;
			hasScannedForEncodings = 0;
			knownRegions = (
				en,
				Base,
			);
			mainGroup = 6286D30A29BBA24900977239;
			productRefGroup = 6286D31429BBA24900977239 /* Products */;
			projectDirPath = "";
			projectRoot = "";
			targets = (
				6286D31229BBA24900977239 /* StockTradingApp */,
			);
		};
/* End PBXProject section */

/* Begin PBXResourcesBuildPhase section */
		6286D31129BBA24900977239 /* Resources */ = {
			isa = PBXResourcesBuildPhase;
			buildActionMask = 2147483647;
			files = (
				6286D31E29BBA24B00977239 /* Preview Assets.xcassets in Resources */,
				6286D31B29BBA24B00977239 /* Assets.xcassets in Resources */,
			);
			runOnlyForDeploymentPostprocessing = 0;
		};
/* End PBXResourcesBuildPhase section */

/* Begin PBXSourcesBuildPhase section */
		6286D30F29BBA24900977239 /* Sources */ = {
			isa = PBXSourcesBuildPhase;
			buildActionMask = 2147483647;
			files = (
				6286D32E29BBA73F00977239 /* StockListFetcher.swift in Sources */,
				6286D31929BBA24900977239 /* StockListView.swift in Sources */,
				6286D32829BBA3CC00977239 /* StockRow.swift in Sources */,
				6286D33529BBA91300977239 /* LiveStockPriceView.swift in Sources */,
				6286D33129BBA7FA00977239 /* Error+Extension.swift in Sources */,
				6286D31729BBA24900977239 /* StockTradingAppApp.swift in Sources */,
				6286D33329BBA83000977239 /* LiveStockPriceFetcher.swift in Sources */,
				6286D32B29BBA63200977239 /* Stock.swift in Sources */,
				6286D32629BBA29D00977239 /* Intro.swift in Sources */,
			);
			runOnlyForDeploymentPostprocessing = 0;
		};
/* End PBXSourcesBuildPhase section */

/* Begin XCBuildConfiguration section */
		6286D31F29BBA24B00977239 /* Debug */ = {
			isa = XCBuildConfiguration;
			buildSettings = {
				ALWAYS_SEARCH_USER_PATHS = NO;
				CLANG_ANALYZER_NONNULL = YES;
				CLANG_ANALYZER_NUMBER_OBJECT_CONVERSION = YES_AGGRESSIVE;
				CLANG_CXX_LANGUAGE_STANDARD = "gnu++20";
				CLANG_ENABLE_MODULES = YES;
				CLANG_ENABLE_OBJC_ARC = YES;
				CLANG_ENABLE_OBJC_WEAK = YES;
				CLANG_WARN_BLOCK_CAPTURE_AUTORELEASING = YES;
				CLANG_WARN_BOOL_CONVERSION = YES;
				CLANG_WARN_COMMA = YES;
				CLANG_WARN_CONSTANT_CONVERSION = YES;
				CLANG_WARN_DEPRECATED_OBJC_IMPLEMENTATIONS = YES;
				CLANG_WARN_DIRECT_OBJC_ISA_USAGE = YES_ERROR;
				CLANG_WARN_DOCUMENTATION_COMMENTS = YES;
				CLANG_WARN_EMPTY_BODY = YES;
				CLANG_WARN_ENUM_CONVERSION = YES;
				CLANG_WARN_INFINITE_RECURSION = YES;
				CLANG_WARN_INT_CONVERSION = YES;
				CLANG_WARN_NON_LITERAL_NULL_CONVERSION = YES;
				CLANG_WARN_OBJC_IMPLICIT_RETAIN_SELF = YES;
				CLANG_WARN_OBJC_LITERAL_CONVERSION = YES;
				CLANG_WARN_OBJC_ROOT_CLASS = YES_ERROR;
				CLANG_WARN_QUOTED_INCLUDE_IN_FRAMEWORK_HEADER = YES;
				CLANG_WARN_RANGE_LOOP_ANALYSIS = YES;
				CLANG_WARN_STRICT_PROTOTYPES = YES;
				CLANG_WARN_SUSPICIOUS_MOVE = YES;
				CLANG_WARN_UNGUARDED_AVAILABILITY = YES_AGGRESSIVE;
				CLANG_WARN_UNREACHABLE_CODE = YES;
				CLANG_WARN__DUPLICATE_METHOD_MATCH = YES;
				COPY_PHASE_STRIP = NO;
				DEBUG_INFORMATION_FORMAT = dwarf;
				ENABLE_STRICT_OBJC_MSGSEND = YES;
				ENABLE_TESTABILITY = YES;
				GCC_C_LANGUAGE_STANDARD = gnu11;
				GCC_DYNAMIC_NO_PIC = NO;
				GCC_NO_COMMON_BLOCKS = YES;
				GCC_OPTIMIZATION_LEVEL = 0;
				GCC_PREPROCESSOR_DEFINITIONS = (
					"DEBUG=1",
					"$(inherited)",
				);
				GCC_WARN_64_TO_32_BIT_CONVERSION = YES;
				GCC_WARN_ABOUT_RETURN_TYPE = YES_ERROR;
				GCC_WARN_UNDECLARED_SELECTOR = YES;
				GCC_WARN_UNINITIALIZED_AUTOS = YES_AGGRESSIVE;
				GCC_WARN_UNUSED_FUNCTION = YES;
				GCC_WARN_UNUSED_VARIABLE = YES;
				IPHONEOS_DEPLOYMENT_TARGET = 16.2;
				MTL_ENABLE_DEBUG_INFO = INCLUDE_SOURCE;
				MTL_FAST_MATH = YES;
				ONLY_ACTIVE_ARCH = YES;
				SDKROOT = iphoneos;
				SWIFT_ACTIVE_COMPILATION_CONDITIONS = DEBUG;
				SWIFT_OPTIMIZATION_LEVEL = "-Onone";
			};
			name = Debug;
		};
		6286D32029BBA24B00977239 /* Release */ = {
			isa = XCBuildConfiguration;
			buildSettings = {
				ALWAYS_SEARCH_USER_PATHS = NO;
				CLANG_ANALYZER_NONNULL = YES;
				CLANG_ANALYZER_NUMBER_OBJECT_CONVERSION = YES_AGGRESSIVE;
				CLANG_CXX_LANGUAGE_STANDARD = "gnu++20";
				CLANG_ENABLE_MODULES = YES;
				CLANG_ENABLE_OBJC_ARC = YES;
				CLANG_ENABLE_OBJC_WEAK = YES;
				CLANG_WARN_BLOCK_CAPTURE_AUTORELEASING = YES;
				CLANG_WARN_BOOL_CONVERSION = YES;
				CLANG_WARN_COMMA = YES;
				CLANG_WARN_CONSTANT_CONVERSION = YES;
				CLANG_WARN_DEPRECATED_OBJC_IMPLEMENTATIONS = YES;
				CLANG_WARN_DIRECT_OBJC_ISA_USAGE = YES_ERROR;
				CLANG_WARN_DOCUMENTATION_COMMENTS = YES;
				CLANG_WARN_EMPTY_BODY = YES;
				CLANG_WARN_ENUM_CONVERSION = YES;
				CLANG_WARN_INFINITE_RECURSION = YES;
				CLANG_WARN_INT_CONVERSION = YES;
				CLANG_WARN_NON_LITERAL_NULL_CONVERSION = YES;
				CLANG_WARN_OBJC_IMPLICIT_RETAIN_SELF = YES;
				CLANG_WARN_OBJC_LITERAL_CONVERSION = YES;
				CLANG_WARN_OBJC_ROOT_CLASS = YES_ERROR;
				CLANG_WARN_QUOTED_INCLUDE_IN_FRAMEWORK_HEADER = YES;
				CLANG_WARN_RANGE_LOOP_ANALYSIS = YES;
				CLANG_WARN_STRICT_PROTOTYPES = YES;
				CLANG_WARN_SUSPICIOUS_MOVE = YES;
				CLANG_WARN_UNGUARDED_AVAILABILITY = YES_AGGRESSIVE;
				CLANG_WARN_UNREACHABLE_CODE = YES;
				CLANG_WARN__DUPLICATE_METHOD_MATCH = YES;
				COPY_PHASE_STRIP = NO;
				DEBUG_INFORMATION_FORMAT = "dwarf-with-dsym";
				ENABLE_NS_ASSERTIONS = NO;
				ENABLE_STRICT_OBJC_MSGSEND = YES;
				GCC_C_LANGUAGE_STANDARD = gnu11;
				GCC_NO_COMMON_BLOCKS = YES;
				GCC_WARN_64_TO_32_BIT_CONVERSION = YES;
				GCC_WARN_ABOUT_RETURN_TYPE = YES_ERROR;
				GCC_WARN_UNDECLARED_SELECTOR = YES;
				GCC_WARN_UNINITIALIZED_AUTOS = YES_AGGRESSIVE;
				GCC_WARN_UNUSED_FUNCTION = YES;
				GCC_WARN_UNUSED_VARIABLE = YES;
				IPHONEOS_DEPLOYMENT_TARGET = 16.2;
				MTL_ENABLE_DEBUG_INFO = NO;
				MTL_FAST_MATH = YES;
				SDKROOT = iphoneos;
				SWIFT_COMPILATION_MODE = wholemodule;
				SWIFT_OPTIMIZATION_LEVEL = "-O";
				VALIDATE_PRODUCT = YES;
			};
			name = Release;
		};
		6286D32229BBA24B00977239 /* Debug */ = {
			isa = XCBuildConfiguration;
			buildSettings = {
				ASSETCATALOG_COMPILER_APPICON_NAME = AppIcon;
				ASSETCATALOG_COMPILER_GLOBAL_ACCENT_COLOR_NAME = AccentColor;
				CODE_SIGN_STYLE = Automatic;
				CURRENT_PROJECT_VERSION = 1;
				DEVELOPMENT_ASSET_PATHS = "\"StockTradingApp/Preview Content\"";
				DEVELOPMENT_TEAM = JNL77675JJ;
				ENABLE_PREVIEWS = YES;
				GENERATE_INFOPLIST_FILE = YES;
				INFOPLIST_KEY_UIApplicationSceneManifest_Generation = YES;
				INFOPLIST_KEY_UIApplicationSupportsIndirectInputEvents = YES;
				INFOPLIST_KEY_UILaunchScreen_Generation = YES;
				INFOPLIST_KEY_UISupportedInterfaceOrientations_iPad = "UIInterfaceOrientationPortrait UIInterfaceOrientationPortraitUpsideDown UIInterfaceOrientationLandscapeLeft UIInterfaceOrientationLandscapeRight";
				INFOPLIST_KEY_UISupportedInterfaceOrientations_iPhone = "UIInterfaceOrientationPortrait UIInterfaceOrientationLandscapeLeft UIInterfaceOrientationLandscapeRight";
				LD_RUNPATH_SEARCH_PATHS = (
					"$(inherited)",
					"@executable_path/Frameworks",
				);
				MARKETING_VERSION = 1.0;
				PRODUCT_BUNDLE_IDENTIFIER = com.muradismayilov.StockTradingApp;
				PRODUCT_NAME = "$(TARGET_NAME)";
				SWIFT_EMIT_LOC_STRINGS = YES;
				SWIFT_VERSION = 5.0;
				TARGETED_DEVICE_FAMILY = "1,2";
			};
			name = Debug;
		};
		6286D32329BBA24B00977239 /* Release */ = {
			isa = XCBuildConfiguration;
			buildSettings = {
				ASSETCATALOG_COMPILER_APPICON_NAME = AppIcon;
				ASSETCATALOG_COMPILER_GLOBAL_ACCENT_COLOR_NAME = AccentColor;
				CODE_SIGN_STYLE = Automatic;
				CURRENT_PROJECT_VERSION = 1;
				DEVELOPMENT_ASSET_PATHS = "\"StockTradingApp/Preview Content\"";
				DEVELOPMENT_TEAM = JNL77675JJ;
				ENABLE_PREVIEWS = YES;
				GENERATE_INFOPLIST_FILE = YES;
				INFOPLIST_KEY_UIApplicationSceneManifest_Generation = YES;
				INFOPLIST_KEY_UIApplicationSupportsIndirectInputEvents = YES;
				INFOPLIST_KEY_UILaunchScreen_Generation = YES;
				INFOPLIST_KEY_UISupportedInterfaceOrientations_iPad = "UIInterfaceOrientationPortrait UIInterfaceOrientationPortraitUpsideDown UIInterfaceOrientationLandscapeLeft UIInterfaceOrientationLandscapeRight";
				INFOPLIST_KEY_UISupportedInterfaceOrientations_iPhone = "UIInterfaceOrientationPortrait UIInterfaceOrientationLandscapeLeft UIInterfaceOrientationLandscapeRight";
				LD_RUNPATH_SEARCH_PATHS = (
					"$(inherited)",
					"@executable_path/Frameworks",
				);
				MARKETING_VERSION = 1.0;
				PRODUCT_BUNDLE_IDENTIFIER = com.muradismayilov.StockTradingApp;
				PRODUCT_NAME = "$(TARGET_NAME)";
				SWIFT_EMIT_LOC_STRINGS = YES;
				SWIFT_VERSION = 5.0;
				TARGETED_DEVICE_FAMILY = "1,2";
			};
			name = Release;
		};
/* End XCBuildConfiguration section */

/* Begin XCConfigurationList section */
		6286D30E29BBA24900977239 /* Build configuration list for PBXProject "StockTradingApp" */ = {
			isa = XCConfigurationList;
			buildConfigurations = (
				6286D31F29BBA24B00977239 /* Debug */,
				6286D32029BBA24B00977239 /* Release */,
			);
			defaultConfigurationIsVisible = 0;
			defaultConfigurationName = Release;
		};
		6286D32129BBA24B00977239 /* Build configuration list for PBXNativeTarget "StockTradingApp" */ = {
			isa = XCConfigurationList;
			buildConfigurations = (
				6286D32229BBA24B00977239 /* Debug */,
				6286D32329BBA24B00977239 /* Release */,
			);
			defaultConfigurationIsVisible = 0;
			defaultConfigurationName = Release;
		};
/* End XCConfigurationList section */
	};
	rootObject = 6286D30B29BBA24900977239 /* Project object */;
}
